// !$*UTF8*$!
{
	archiveVersion = 1;
	classes = {
	};
	objectVersion = 77;
	objects = {

/* Begin PBXBuildFile section */
		3298F0472F7E9AE8004F2632 /* Local.xcconfig in Resources */ = {isa = PBXBuildFile; fileRef = 3298F0462F7E9AE8004F2632 /* Local.xcconfig */; };
/* End PBXBuildFile section */

/* Begin PBXContainerItemProxy section */
		32314E282F7E74D500AC3059 /* PBXContainerItemProxy */ = {
			isa = PBXContainerItemProxy;
			containerPortal = 32314E102F7E74D300AC3059 /* Project object */;
			proxyType = 1;
			remoteGlobalIDString = 32314E172F7E74D300AC3059;
			remoteInfo = ClawGrabber;
		};
		32314E322F7E74D500AC3059 /* PBXContainerItemProxy */ = {
			isa = PBXContainerItemProxy;
			containerPortal = 32314E102F7E74D300AC3059 /* Project object */;
			proxyType = 1;
			remoteGlobalIDString = 32314E172F7E74D300AC3059;
			remoteInfo = ClawGrabber;
		};
/* End PBXContainerItemProxy section */

/* Begin PBXFileReference section */
		32314E182F7E74D300AC3059 /* ClawGrabber.app */ = {isa = PBXFileReference; explicitFileType = wrapper.application; includeInIndex = 0; path = ClawGrabber.app; sourceTree = BUILT_PRODUCTS_DIR; };
		32314E272F7E74D500AC3059 /* ClawGrabberTests.xctest */ = {isa = PBXFileReference; explicitFileType = wrapper.cfbundle; includeInIndex = 0; path = ClawGrabberTests.xctest; sourceTree = BUILT_PRODUCTS_DIR; };
		32314E312F7E74D500AC3059 /* ClawGrabberUITests.xctest */ = {isa = PBXFileReference; explicitFileType = wrapper.cfbundle; includeInIndex = 0; path = ClawGrabberUITests.xctest; sourceTree = BUILT_PRODUCTS_DIR; };
		3298F0462F7E9AE8004F2632 /* Local.xcconfig */ = {isa = PBXFileReference; lastKnownFileType = text.xcconfig; path = Local.xcconfig; sourceTree = "<group>"; };
/* End PBXFileReference section */

/* Begin PBXFileSystemSynchronizedRootGroup section */
		32314E1A2F7E74D300AC3059 /* ClawGrabber */ = {
			isa = PBXFileSystemSynchronizedRootGroup;
			path = ClawGrabber;
			sourceTree = "<group>";
		};
		32314E2A2F7E74D500AC3059 /* ClawGrabberTests */ = {
			isa = PBXFileSystemSynchronizedRootGroup;
			path = ClawGrabberTests;
			sourceTree = "<group>";
		};
		32314E342F7E74D500AC3059 /* ClawGrabberUITests */ = {
			isa = PBXFileSystemSynchronizedRootGroup;
			path = ClawGrabberUITests;
			sourceTree = "<group>";
		};
/* End PBXFileSystemSynchronizedRootGroup section */

/* Begin PBXFrameworksBuildPhase section */
		32314E152F7E74D300AC3059 /* Frameworks */ = {
			isa = PBXFrameworksBuildPhase;
			buildActionMask = 2147483647;
			files = (
			);
			runOnlyForDeploymentPostprocessing = 0;
		};
		32314E242F7E74D500AC3059 /* Frameworks */ = {
			isa = PBXFrameworksBuildPhase;
			buildActionMask = 2147483647;
			files = (
			);
			runOnlyForDeploymentPostprocessing = 0;
		};
		32314E2E2F7E74D500AC3059 /* Frameworks */ = {
			isa = PBXFrameworksBuildPhase;
			buildActionMask = 2147483647;
			files = (
			);
			runOnlyForDeploymentPostprocessing = 0;
		};
/* End PBXFrameworksBuildPhase section */

/* Begin PBXGroup section */
		32314E0F2F7E74D300AC3059 = {
			isa = PBXGroup;
			children = (
				32314E1A2F7E74D300AC3059 /* ClawGrabber */,
				32314E2A2F7E74D500AC3059 /* ClawGrabberTests */,
				32314E342F7E74D500AC3059 /* ClawGrabberUITests */,
				32314E192F7E74D300AC3059 /* Products */,
				3298F0462F7E9AE8004F2632 /* Local.xcconfig */,
			);
			sourceTree = "<group>";
		};
		32314E192F7E74D300AC3059 /* Products */ = {
			isa = PBXGroup;
			children = (
				32314E182F7E74D300AC3059 /* ClawGrabber.app */,
				32314E272F7E74D500AC3059 /* ClawGrabberTests.xctest */,
				32314E312F7E74D500AC3059 /* ClawGrabberUITests.xctest */,
			);
			name = Products;
			sourceTree = "<group>";
		};
/* End PBXGroup section */

/* Begin PBXNativeTarget section */
		32314E172F7E74D300AC3059 /* ClawGrabber */ = {
			isa = PBXNativeTarget;
			buildConfigurationList = 32314E3B2F7E74D500AC3059 /* Build configuration list for PBXNativeTarget "ClawGrabber" */;
			buildPhases = (
				32314E142F7E74D300AC3059 /* Sources */,
				32314E152F7E74D300AC3059 /* Frameworks */,
				32314E162F7E74D300AC3059 /* Resources */,
			);
			buildRules = (
			);
			dependencies = (
			);
			fileSystemSynchronizedGroups = (
				32314E1A2F7E74D300AC3059 /* ClawGrabber */,
			);
			name = ClawGrabber;
			packageProductDependencies = (
			);
			productName = ClawGrabber;
			productReference = 32314E182F7E74D300AC3059 /* ClawGrabber.app */;
			productType = "com.apple.product-type.application";
		};
		32314E262F7E74D500AC3059 /* ClawGrabberTests */ = {
			isa = PBXNativeTarget;
			buildConfigurationList = 32314E3E2F7E74D500AC3059 /* Build configuration list for PBXNativeTarget "ClawGrabberTests" */;
			buildPhases = (
				32314E232F7E74D500AC3059 /* Sources */,
				32314E242F7E74D500AC3059 /* Frameworks */,
				32314E252F7E74D500AC3059 /* Resources */,
			);
			buildRules = (
			);
			dependencies = (
				32314E292F7E74D500AC3059 /* PBXTargetDependency */,
			);
			fileSystemSynchronizedGroups = (
				32314E2A2F7E74D500AC3059 /* ClawGrabberTests */,
			);
			name = ClawGrabberTests;
			packageProductDependencies = (
			);
			productName = ClawGrabberTests;
			productReference = 32314E272F7E74D500AC3059 /* ClawGrabberTests.xctest */;
			productType = "com.apple.product-type.bundle.unit-test";
		};
		32314E302F7E74D500AC3059 /* ClawGrabberUITests */ = {
			isa = PBXNativeTarget;
			buildConfigurationList = 32314E412F7E74D500AC3059 /* Build configuration list for PBXNativeTarget "ClawGrabberUITests" */;
			buildPhases = (
				32314E2D2F7E74D500AC3059 /* Sources */,
				32314E2E2F7E74D500AC3059 /* Frameworks */,
				32314E2F2F7E74D500AC3059 /* Resources */,
			);
			buildRules = (
			);
			dependencies = (
				32314E332F7E74D500AC3059 /* PBXTargetDependency */,
			);
			fileSystemSynchronizedGroups = (
				32314E342F7E74D500AC3059 /* ClawGrabberUITests */,
			);
			name = ClawGrabberUITests;
			packageProductDependencies = (
			);
			productName = ClawGrabberUITests;
			productReference = 32314E312F7E74D500AC3059 /* ClawGrabberUITests.xctest */;
			productType = "com.apple.product-type.bundle.ui-testing";
		};
/* End PBXNativeTarget section */

/* Begin PBXProject section */
		32314E102F7E74D300AC3059 /* Project object */ = {
			isa = PBXProject;
			attributes = {
				BuildIndependentTargetsInParallel = 1;
				LastSwiftUpdateCheck = 2600;
				LastUpgradeCheck = 2600;
				TargetAttributes = {
					32314E172F7E74D300AC3059 = {
						CreatedOnToolsVersion = 26.0.1;
					};
					32314E262F7E74D500AC3059 = {
						CreatedOnToolsVersion = 26.0.1;
						TestTargetID = 32314E172F7E74D300AC3059;
					};
					32314E302F7E74D500AC3059 = {
						CreatedOnToolsVersion = 26.0.1;
						TestTargetID = 32314E172F7E74D300AC3059;
					};
				};
			};
			buildConfigurationList = 32314E132F7E74D300AC3059 /* Build configuration list for PBXProject "ClawGrabber" */;
			developmentRegion = en;
			hasScannedForEncodings = 0;
			knownRegions = (
				en,
				Base,
			);
			mainGroup = 32314E0F2F7E74D300AC3059;
			minimizedProjectReferenceProxies = 1;
			preferredProjectObjectVersion = 77;
			productRefGroup = 32314E192F7E74D300AC3059 /* Products */;
			projectDirPath = "";
			projectRoot = "";
			targets = (
				32314E172F7E74D300AC3059 /* ClawGrabber */,
				32314E262F7E74D500AC3059 /* ClawGrabberTests */,
				32314E302F7E74D500AC3059 /* ClawGrabberUITests */,
			);
		};
/* End PBXProject section */

/* Begin PBXResourcesBuildPhase section */
		32314E162F7E74D300AC3059 /* Resources */ = {
			isa = PBXResourcesBuildPhase;
			buildActionMask = 2147483647;
			files = (
				3298F0472F7E9AE8004F2632 /* Local.xcconfig in Resources */,
			);
			runOnlyForDeploymentPostprocessing = 0;
		};
		32314E252F7E74D500AC3059 /* Resources */ = {
			isa = PBXResourcesBuildPhase;
			buildActionMask = 2147483647;
			files = (
			);
			runOnlyForDeploymentPostprocessing = 0;
		};
		32314E2F2F7E74D500AC3059 /* Resources */ = {
			isa = PBXResourcesBuildPhase;
			buildActionMask = 2147483647;
			files = (
			);
			runOnlyForDeploymentPostprocessing = 0;
		};
/* End PBXResourcesBuildPhase section */

/* Begin PBXSourcesBuildPhase section */
		32314E142F7E74D300AC3059 /* Sources */ = {
			isa = PBXSourcesBuildPhase;
			buildActionMask = 2147483647;
			files = (
			);
			runOnlyForDeploymentPostprocessing = 0;
		};
		32314E232F7E74D500AC3059 /* Sources */ = {
			isa = PBXSourcesBuildPhase;
			buildActionMask = 2147483647;
			files = (
			);
			runOnlyForDeploymentPostprocessing = 0;
		};
		32314E2D2F7E74D500AC3059 /* Sources */ = {
			isa = PBXSourcesBuildPhase;
			buildActionMask = 2147483647;
			files = (
			);
			runOnlyForDeploymentPostprocessing = 0;
		};
/* End PBXSourcesBuildPhase section */

/* Begin PBXTargetDependency section */
		32314E292F7E74D500AC3059 /* PBXTargetDependency */ = {
			isa = PBXTargetDependency;
			target = 32314E172F7E74D300AC3059 /* ClawGrabber */;
			targetProxy = 32314E282F7E74D500AC3059 /* PBXContainerItemProxy */;
		};
		32314E332F7E74D500AC3059 /* PBXTargetDependency */ = {
			isa = PBXTargetDependency;
			target = 32314E172F7E74D300AC3059 /* ClawGrabber */;
			targetProxy = 32314E322F7E74D500AC3059 /* PBXContainerItemProxy */;
		};
/* End PBXTargetDependency section */

/* Begin XCBuildConfiguration section */
		32314E392F7E74D500AC3059 /* Debug */ = {
			isa = XCBuildConfiguration;
			baseConfigurationReference = 3298F0462F7E9AE8004F2632 /* Local.xcconfig */;
			buildSettings = {
				ALWAYS_SEARCH_USER_PATHS = NO;
				ASSETCATALOG_COMPILER_GENERATE_SWIFT_ASSET_SYMBOL_EXTENSIONS = YES;
				CLANG_ANALYZER_NONNULL = YES;
				CLANG_ANALYZER_NUMBER_OBJECT_CONVERSION = YES_AGGRESSIVE;
				CLANG_CXX_LANGUAGE_STANDARD = "gnu++20";
				CLANG_ENABLE_MODULES = YES;
				CLANG_ENABLE_OBJC_ARC = YES;
				CLANG_ENABLE_OBJC_WEAK = YES;
				CLANG_WARN_BLOCK_CAPTURE_AUTORELEASING = YES;
				CLANG_WARN_BOOL_CONVERSION = YES;
				CLANG_WARN_COMMA = YES;
				CLANG_WARN_CONSTANT_CONVERSION = YES;
				CLANG_WARN_DEPRECATED_OBJC_IMPLEMENTATIONS = YES;
				CLANG_WARN_DIRECT_OBJC_ISA_USAGE = YES_ERROR;
				CLANG_WARN_DOCUMENTATION_COMMENTS = YES;
				CLANG_WARN_EMPTY_BODY = YES;
				CLANG_WARN_ENUM_CONVERSION = YES;
				CLANG_WARN_INFINITE_RECURSION = YES;
				CLANG_WARN_INT_CONVERSION = YES;
				CLANG_WARN_NON_LITERAL_NULL_CONVERSION = YES;
				CLANG_WARN_OBJC_IMPLICIT_RETAIN_SELF = YES;
				CLANG_WARN_OBJC_LITERAL_CONVERSION = YES;
				CLANG_WARN_OBJC_ROOT_CLASS = YES_ERROR;
				CLANG_WARN_QUOTED_INCLUDE_IN_FRAMEWORK_HEADER = YES;
				CLANG_WARN_RANGE_LOOP_ANALYSIS = YES;
				CLANG_WARN_STRICT_PROTOTYPES = YES;
				CLANG_WARN_SUSPICIOUS_MOVE = YES;
				CLANG_WARN_UNGUARDED_AVAILABILITY = YES_AGGRESSIVE;
				CLANG_WARN_UNREACHABLE_CODE = YES;
				CLANG_WARN__DUPLICATE_METHOD_MATCH = YES;
				COPY_PHASE_STRIP = NO;
				DEBUG_INFORMATION_FORMAT = dwarf;
				DEVELOPMENT_TEAM = "";
				ENABLE_STRICT_OBJC_MSGSEND = YES;
				ENABLE_TESTABILITY = YES;
				ENABLE_USER_SCRIPT_SANDBOXING = YES;
				GCC_C_LANGUAGE_STANDARD = gnu17;
				GCC_DYNAMIC_NO_PIC = NO;
				GCC_NO_COMMON_BLOCKS = YES;
				GCC_OPTIMIZATION_LEVEL = 0;
				GCC_PREPROCESSOR_DEFINITIONS = (
					"DEBUG=1",
					"$(inherited)",
				);
				GCC_WARN_64_TO_32_BIT_CONVERSION = YES;
				GCC_WARN_ABOUT_RETURN_TYPE = YES_ERROR;
				GCC_WARN_UNDECLARED_SELECTOR = YES;
				GCC_WARN_UNINITIALIZED_AUTOS = YES_AGGRESSIVE;
				GCC_WARN_UNUSED_FUNCTION = YES;
				GCC_WARN_UNUSED_VARIABLE = YES;
				LOCALIZATION_PREFERS_STRING_CATALOGS = YES;
				MACOSX_DEPLOYMENT_TARGET = 15.7;
				MTL_ENABLE_DEBUG_INFO = INCLUDE_SOURCE;
				MTL_FAST_MATH = YES;
				ONLY_ACTIVE_ARCH = YES;
				SDKROOT = macosx;
				SWIFT_ACTIVE_COMPILATION_CONDITIONS = "DEBUG $(inherited)";
				SWIFT_OPTIMIZATION_LEVEL = "-Onone";
			};
			name = Debug;
		};
		32314E3A2F7E74D500AC3059 /* Release */ = {
			isa = XCBuildConfiguration;
			baseConfigurationReference = 3298F0462F7E9AE8004F2632 /* Local.xcconfig */;
			buildSettings = {
				ALWAYS_SEARCH_USER_PATHS = NO;
				ASSETCATALOG_COMPILER_GENERATE_SWIFT_ASSET_SYMBOL_EXTENSIONS = YES;
				CLANG_ANALYZER_NONNULL = YES;
				CLANG_ANALYZER_NUMBER_OBJECT_CONVERSION = YES_AGGRESSIVE;
				CLANG_CXX_LANGUAGE_STANDARD = "gnu++20";
				CLANG_ENABLE_MODULES = YES;
				CLANG_ENABLE_OBJC_ARC = YES;
				CLANG_ENABLE_OBJC_WEAK = YES;
				CLANG_WARN_BLOCK_CAPTURE_AUTORELEASING = YES;
				CLANG_WARN_BOOL_CONVERSION = YES;
				CLANG_WARN_COMMA = YES;
				CLANG_WARN_CONSTANT_CONVERSION = YES;
				CLANG_WARN_DEPRECATED_OBJC_IMPLEMENTATIONS = YES;
				CLANG_WARN_DIRECT_OBJC_ISA_USAGE = YES_ERROR;
				CLANG_WARN_DOCUMENTATION_COMMENTS = YES;
				CLANG_WARN_EMPTY_BODY = YES;
				CLANG_WARN_ENUM_CONVERSION = YES;
				CLANG_WARN_INFINITE_RECURSION = YES;
				CLANG_WARN_INT_CONVERSION = YES;
				CLANG_WARN_NON_LITERAL_NULL_CONVERSION = YES;
				CLANG_WARN_OBJC_IMPLICIT_RETAIN_SELF = YES;
				CLANG_WARN_OBJC_LITERAL_CONVERSION = YES;
				CLANG_WARN_OBJC_ROOT_CLASS = YES_ERROR;
				CLANG_WARN_QUOTED_INCLUDE_IN_FRAMEWORK_HEADER = YES;
				CLANG_WARN_RANGE_LOOP_ANALYSIS = YES;
				CLANG_WARN_STRICT_PROTOTYPES = YES;
				CLANG_WARN_SUSPICIOUS_MOVE = YES;
				CLANG_WARN_UNGUARDED_AVAILABILITY = YES_AGGRESSIVE;
				CLANG_WARN_UNREACHABLE_CODE = YES;
				CLANG_WARN__DUPLICATE_METHOD_MATCH = YES;
				COPY_PHASE_STRIP = NO;
				DEBUG_INFORMATION_FORMAT = "dwarf-with-dsym";
				DEVELOPMENT_TEAM = "";
				ENABLE_NS_ASSERTIONS = NO;
				ENABLE_STRICT_OBJC_MSGSEND = YES;
				ENABLE_USER_SCRIPT_SANDBOXING = YES;
				GCC_C_LANGUAGE_STANDARD = gnu17;
				GCC_NO_COMMON_BLOCKS = YES;
				GCC_WARN_64_TO_32_BIT_CONVERSION = YES;
				GCC_WARN_ABOUT_RETURN_TYPE = YES_ERROR;
				GCC_WARN_UNDECLARED_SELECTOR = YES;
				GCC_WARN_UNINITIALIZED_AUTOS = YES_AGGRESSIVE;
				GCC_WARN_UNUSED_FUNCTION = YES;
				GCC_WARN_UNUSED_VARIABLE = YES;
				LOCALIZATION_PREFERS_STRING_CATALOGS = YES;
				MACOSX_DEPLOYMENT_TARGET = 15.7;
				MTL_ENABLE_DEBUG_INFO = NO;
				MTL_FAST_MATH = YES;
				SDKROOT = macosx;
				SWIFT_COMPILATION_MODE = wholemodule;
			};
			name = Release;
		};
		32314E3C2F7E74D500AC3059 /* Debug */ = {
			isa = XCBuildConfiguration;
			buildSettings = {
				ASSETCATALOG_COMPILER_APPICON_NAME = AppIcon;
				ASSETCATALOG_COMPILER_GLOBAL_ACCENT_COLOR_NAME = AccentColor;
				CODE_SIGN_STYLE = Automatic;
				COMBINE_HIDPI_IMAGES = YES;
				CURRENT_PROJECT_VERSION = 1;
				DEVELOPMENT_TEAM = "";
				ENABLE_APP_SANDBOX = NO;
				ENABLE_HARDENED_RUNTIME = YES;
				ENABLE_PREVIEWS = YES;
				GENERATE_INFOPLIST_FILE = YES;
				INFOPLIST_KEY_LSUIElement = YES;
				INFOPLIST_KEY_NSHumanReadableCopyright = "";
				LD_RUNPATH_SEARCH_PATHS = (
					"$(inherited)",
					"@executable_path/../Frameworks",
				);
				MACOSX_DEPLOYMENT_TARGET = 13.5;
				MARKETING_VERSION = 1.0;
				PRODUCT_BUNDLE_IDENTIFIER = com.example.ClawGrabber;
				PRODUCT_NAME = "$(TARGET_NAME)";
				REGISTER_APP_GROUPS = YES;
				STRING_CATALOG_GENERATE_SYMBOLS = YES;
				SWIFT_APPROACHABLE_CONCURRENCY = YES;
				SWIFT_DEFAULT_ACTOR_ISOLATION = MainActor;
				SWIFT_EMIT_LOC_STRINGS = YES;
				SWIFT_UPCOMING_FEATURE_MEMBER_IMPORT_VISIBILITY = YES;
				SWIFT_VERSION = 5.0;
			};
			name = Debug;
		};
		32314E3D2F7E74D500AC3059 /* Release */ = {
			isa = XCBuildConfiguration;
			buildSettings = {
				ASSETCATALOG_COMPILER_APPICON_NAME = AppIcon;
				ASSETCATALOG_COMPILER_GLOBAL_ACCENT_COLOR_NAME = AccentColor;
				CODE_SIGN_STYLE = Automatic;
				COMBINE_HIDPI_IMAGES = YES;
				CURRENT_PROJECT_VERSION = 1;
				DEVELOPMENT_TEAM = "";
				ENABLE_APP_SANDBOX = NO;
				ENABLE_HARDENED_RUNTIME = YES;
				ENABLE_PREVIEWS = YES;
				GENERATE_INFOPLIST_FILE = YES;
				INFOPLIST_KEY_LSUIElement = YES;
				INFOPLIST_KEY_NSHumanReadableCopyright = "";
				LD_RUNPATH_SEARCH_PATHS = (
					"$(inherited)",
					"@executable_path/../Frameworks",
				);
				MACOSX_DEPLOYMENT_TARGET = 13.5;
				MARKETING_VERSION = 1.0;
				PRODUCT_BUNDLE_IDENTIFIER = com.example.ClawGrabber;
				PRODUCT_NAME = "$(TARGET_NAME)";
				REGISTER_APP_GROUPS = YES;
				STRING_CATALOG_GENERATE_SYMBOLS = YES;
				SWIFT_APPROACHABLE_CONCURRENCY = YES;
				SWIFT_DEFAULT_ACTOR_ISOLATION = MainActor;
				SWIFT_EMIT_LOC_STRINGS = YES;
				SWIFT_UPCOMING_FEATURE_MEMBER_IMPORT_VISIBILITY = YES;
				SWIFT_VERSION = 5.0;
			};
			name = Release;
		};
		32314E3F2F7E74D500AC3059 /* Debug */ = {
			isa = XCBuildConfiguration;
			buildSettings = {
				BUNDLE_LOADER = "$(TEST_HOST)";
				CODE_SIGN_STYLE = Automatic;
				CURRENT_PROJECT_VERSION = 1;
				DEVELOPMENT_TEAM = "";
				GENERATE_INFOPLIST_FILE = YES;
				MACOSX_DEPLOYMENT_TARGET = 15.7;
				MARKETING_VERSION = 1.0;
				PRODUCT_BUNDLE_IDENTIFIER = com.example.ClawGrabberTests;
				PRODUCT_NAME = "$(TARGET_NAME)";
				STRING_CATALOG_GENERATE_SYMBOLS = NO;
				SWIFT_APPROACHABLE_CONCURRENCY = YES;
				SWIFT_EMIT_LOC_STRINGS = NO;
				SWIFT_UPCOMING_FEATURE_MEMBER_IMPORT_VISIBILITY = YES;
				SWIFT_VERSION = 5.0;
				TEST_HOST = "$(BUILT_PRODUCTS_DIR)/ClawGrabber.app/$(BUNDLE_EXECUTABLE_FOLDER_PATH)/ClawGrabber";
			};
			name = Debug;
		};
		32314E402F7E74D500AC3059 /* Release */ = {
			isa = XCBuildConfiguration;
			buildSettings = {
				BUNDLE_LOADER = "$(TEST_HOST)";
				CODE_SIGN_STYLE = Automatic;
				CURRENT_PROJECT_VERSION = 1;
				DEVELOPMENT_TEAM = "";
				GENERATE_INFOPLIST_FILE = YES;
				MACOSX_DEPLOYMENT_TARGET = 15.7;
				MARKETING_VERSION = 1.0;
				PRODUCT_BUNDLE_IDENTIFIER = com.example.ClawGrabberTests;
				PRODUCT_NAME = "$(TARGET_NAME)";
				STRING_CATALOG_GENERATE_SYMBOLS = NO;
				SWIFT_APPROACHABLE_CONCURRENCY = YES;
				SWIFT_EMIT_LOC_STRINGS = NO;
				SWIFT_UPCOMING_FEATURE_MEMBER_IMPORT_VISIBILITY = YES;
				SWIFT_VERSION = 5.0;
				TEST_HOST = "$(BUILT_PRODUCTS_DIR)/ClawGrabber.app/$(BUNDLE_EXECUTABLE_FOLDER_PATH)/ClawGrabber";
			};
			name = Release;
		};
		32314E422F7E74D500AC3059 /* Debug */ = {
			isa = XCBuildConfiguration;
			buildSettings = {
				CODE_SIGN_STYLE = Automatic;
				CURRENT_PROJECT_VERSION = 1;
				DEVELOPMENT_TEAM = "";
				GENERATE_INFOPLIST_FILE = YES;
				MARKETING_VERSION = 1.0;
				PRODUCT_BUNDLE_IDENTIFIER = com.example.ClawGrabberUITests;
				PRODUCT_NAME = "$(TARGET_NAME)";
				STRING_CATALOG_GENERATE_SYMBOLS = NO;
				SWIFT_APPROACHABLE_CONCURRENCY = YES;
				SWIFT_EMIT_LOC_STRINGS = NO;
				SWIFT_UPCOMING_FEATURE_MEMBER_IMPORT_VISIBILITY = YES;
				SWIFT_VERSION = 5.0;
				TEST_TARGET_NAME = ClawGrabber;
			};
			name = Debug;
		};
		32314E432F7E74D500AC3059 /* Release */ = {
			isa = XCBuildConfiguration;
			buildSettings = {
				CODE_SIGN_STYLE = Automatic;
				CURRENT_PROJECT_VERSION = 1;
				DEVELOPMENT_TEAM = "";
				GENERATE_INFOPLIST_FILE = YES;
				MARKETING_VERSION = 1.0;
				PRODUCT_BUNDLE_IDENTIFIER = com.example.ClawGrabberUITests;
				PRODUCT_NAME = "$(TARGET_NAME)";
				STRING_CATALOG_GENERATE_SYMBOLS = NO;
				SWIFT_APPROACHABLE_CONCURRENCY = YES;
				SWIFT_EMIT_LOC_STRINGS = NO;
				SWIFT_UPCOMING_FEATURE_MEMBER_IMPORT_VISIBILITY = YES;
				SWIFT_VERSION = 5.0;
				TEST_TARGET_NAME = ClawGrabber;
			};
			name = Release;
		};
/* End XCBuildConfiguration section */

/* Begin XCConfigurationList section */
		32314E132F7E74D300AC3059 /* Build configuration list for PBXProject "ClawGrabber" */ = {
			isa = XCConfigurationList;
			buildConfigurations = (
				32314E392F7E74D500AC3059 /* Debug */,
				32314E3A2F7E74D500AC3059 /* Release */,
			);
			defaultConfigurationIsVisible = 0;
			defaultConfigurationName = Release;
		};
		32314E3B2F7E74D500AC3059 /* Build configuration list for PBXNativeTarget "ClawGrabber" */ = {
			isa = XCConfigurationList;
			buildConfigurations = (
				32314E3C2F7E74D500AC3059 /* Debug */,
				32314E3D2F7E74D500AC3059 /* Release */,
			);
			defaultConfigurationIsVisible = 0;
			defaultConfigurationName = Release;
		};
		32314E3E2F7E74D500AC3059 /* Build configuration list for PBXNativeTarget "ClawGrabberTests" */ = {
			isa = XCConfigurationList;
			buildConfigurations = (
				32314E3F2F7E74D500AC3059 /* Debug */,
				32314E402F7E74D500AC3059 /* Release */,
			);
			defaultConfigurationIsVisible = 0;
			defaultConfigurationName = Release;
		};
		32314E412F7E74D500AC3059 /* Build configuration list for PBXNativeTarget "ClawGrabberUITests" */ = {
			isa = XCConfigurationList;
			buildConfigurations = (
				32314E422F7E74D500AC3059 /* Debug */,
				32314E432F7E74D500AC3059 /* Release */,
			);
			defaultConfigurationIsVisible = 0;
			defaultConfigurationName = Release;
		};
/* End XCConfigurationList section */
	};
	rootObject = 32314E102F7E74D300AC3059 /* Project object */;
}
